
Microsoft Visual Studio Solution File, Format Version 12.00
# Visual Studio Version 17
VisualStudioVersion = 17.14.36930.0 d17.14
MinimumVisualStudioVersion = 10.0.40219.1
Project("{FAE04EC0-301F-11D3-BF4B-00C04F79EFBC}") = "ASTRAS WALL WALK ALWAYS (No Reset)", "ASTRAS WALL WALK ALWAYS (No Reset).csproj", "{5006D621-A18C-10B4-5B13-765776F7FFF5}"
EndProject
Global
	GlobalSection(SolutionConfigurationPlatforms) = preSolution
		Debug|Any CPU = Debug|Any CPU
		Release|Any CPU = Release|Any CPU
	EndGlobalSection
	GlobalSection(ProjectConfigurationPlatforms) = postSolution
		{5006D621-A18C-10B4-5B13-765776F7FFF5}.Debug|Any CPU.ActiveCfg = Debug|Any CPU
		{5006D621-A18C-10B4-5B13-765776F7FFF5}.Debug|Any CPU.Build.0 = Debug|Any CPU
		{5006D621-A18C-10B4-5B13-765776F7FFF5}.Release|Any CPU.ActiveCfg = Release|Any CPU
		{5006D621-A18C-10B4-5B13-765776F7FFF5}.Release|Any CPU.Build.0 = Release|Any CPU
	EndGlobalSection
	GlobalSection(SolutionProperties) = preSolution
		HideSolutionNode = FALSE
	EndGlobalSection
	GlobalSection(ExtensibilityGlobals) = postSolution
		SolutionGuid = {94E18D1B-A792-49FC-AE88-1A4E06CD37EC}
	EndGlobalSection
EndGlobal
